{
  "name": "premid",
  "version": "1.0.0",
  "lockfileVersion": 1,
  "requires": true,
  "dependencies": {
    "buefy": {
      "version": "0.6.3",
      "resolved": "https://registry.npmjs.org/buefy/-/buefy-0.6.3.tgz",
      "integrity": "sha512-ApYZo6USz1SjHyziSaZc2osxWYUkCLwfgzVDo7hTtFvqBAjin1xfzoHd7yb/7BTLqAZYwJuHqe44SnLhrU+9fg==",
      "requires": {
        "bulma": "0.6.2"
      }
    },
    "bulma": {
      "version": "0.6.2",
      "resolved": "https://registry.npmjs.org/bulma/-/bulma-0.6.2.tgz",
      "integrity": "sha1-9LHRHVrMUaeWROsKKwsQZJ09cfU="
    },
    "dotenv": {
      "version": "5.0.1",
      "resolved": "https://registry.npmjs.org/dotenv/-/dotenv-5.0.1.tgz",
      "integrity": "sha512-4As8uPrjfwb7VXC+WnLCbXK7y+Ueb2B3zgNCePYfhxS1PYeaO1YTeplffTEcbfLhvFNGLAz90VvJs9yomG7bow=="
    }
  }
}
